// !$*UTF8*$!
{
	archiveVersion = 1;
	classes = {
	};
	objectVersion = 56;
	objects = {

/* Begin PBXBuildFile section */
		B86FD2662AE241660002E19C /* IOTApp.swift in Sources */ = {isa = PBXBuildFile; fileRef = B86FD2652AE241660002E19C /* IOTApp.swift */; };
		B86FD2682AE241660002E19C /* Persistence.swift in Sources */ = {isa = PBXBuildFile; fileRef = B86FD2672AE241660002E19C /* Persistence.swift */; };
		B86FD26B2AE241660002E19C /* IOT.xcdatamodeld in Sources */ = {isa = PBXBuildFile; fileRef = B86FD2692AE241660002E19C /* IOT.xcdatamodeld */; };
		B86FD26D2AE241660002E19C /* ContentView.swift in Sources */ = {isa = PBXBuildFile; fileRef = B86FD26C2AE241660002E19C /* ContentView.swift */; };
		B86FD26F2AE241680002E19C /* Assets.xcassets in Resources */ = {isa = PBXBuildFile; fileRef = B86FD26E2AE241680002E19C /* Assets.xcassets */; };
		B86FD2732AE241680002E19C /* Preview Assets.xcassets in Resources */ = {isa = PBXBuildFile; fileRef = B86FD2722AE241680002E19C /* Preview Assets.xcassets */; };
		B86FD27D2AE241680002E19C /* IOTTests.swift in Sources */ = {isa = PBXBuildFile; fileRef = B86FD27C2AE241680002E19C /* IOTTests.swift */; };
		B86FD2872AE241680002E19C /* IOTUITests.swift in Sources */ = {isa = PBXBuildFile; fileRef = B86FD2862AE241680002E19C /* IOTUITests.swift */; };
		B86FD2892AE241680002E19C /* IOTUITestsLaunchTests.swift in Sources */ = {isa = PBXBuildFile; fileRef = B86FD2882AE241680002E19C /* IOTUITestsLaunchTests.swift */; };
		B86FD2962AE241B50002E19C /* BeaconView.swift in Sources */ = {isa = PBXBuildFile; fileRef = B86FD2952AE241B50002E19C /* BeaconView.swift */; };
		B86FD2982AE258B00002E19C /* BleView.swift in Sources */ = {isa = PBXBuildFile; fileRef = B86FD2972AE258B00002E19C /* BleView.swift */; };
		B8DC7D512AEB92C30065D2C8 /* StaticChart.swift in Sources */ = {isa = PBXBuildFile; fileRef = B8DC7D502AEB92C30065D2C8 /* StaticChart.swift */; };
		B8DC7D532AEB92FD0065D2C8 /* TallyView.swift in Sources */ = {isa = PBXBuildFile; fileRef = B8DC7D522AEB92FD0065D2C8 /* TallyView.swift */; };
/* End PBXBuildFile section */

/* Begin PBXContainerItemProxy section */
		B86FD2792AE241680002E19C /* PBXContainerItemProxy */ = {
			isa = PBXContainerItemProxy;
			containerPortal = B86FD25A2AE241660002E19C /* Project object */;
			proxyType = 1;
			remoteGlobalIDString = B86FD2612AE241660002E19C;
			remoteInfo = IOT;
		};
		B86FD2832AE241680002E19C /* PBXContainerItemProxy */ = {
			isa = PBXContainerItemProxy;
			containerPortal = B86FD25A2AE241660002E19C /* Project object */;
			proxyType = 1;
			remoteGlobalIDString = B86FD2612AE241660002E19C;
			remoteInfo = IOT;
		};
/* End PBXContainerItemProxy section */

/* Begin PBXFileReference section */
		B86FD2622AE241660002E19C /* IOT.app */ = {isa = PBXFileReference; explicitFileType = wrapper.application; includeInIndex = 0; path = IOT.app; sourceTree = BUILT_PRODUCTS_DIR; };
		B86FD2652AE241660002E19C /* IOTApp.swift */ = {isa = PBXFileReference; lastKnownFileType = sourcecode.swift; path = IOTApp.swift; sourceTree = "<group>"; };
		B86FD2672AE241660002E19C /* Persistence.swift */ = {isa = PBXFileReference; lastKnownFileType = sourcecode.swift; path = Persistence.swift; sourceTree = "<group>"; };
		B86FD26A2AE241660002E19C /* IOT.xcdatamodel */ = {isa = PBXFileReference; lastKnownFileType = wrapper.xcdatamodel; path = IOT.xcdatamodel; sourceTree = "<group>"; };
		B86FD26C2AE241660002E19C /* ContentView.swift */ = {isa = PBXFileReference; lastKnownFileType = sourcecode.swift; path = ContentView.swift; sourceTree = "<group>"; };
		B86FD26E2AE241680002E19C /* Assets.xcassets */ = {isa = PBXFileReference; lastKnownFileType = folder.assetcatalog; path = Assets.xcassets; sourceTree = "<group>"; };
		B86FD2702AE241680002E19C /* IOT.entitlements */ = {isa = PBXFileReference; lastKnownFileType = text.plist.entitlements; path = IOT.entitlements; sourceTree = "<group>"; };
		B86FD2722AE241680002E19C /* Preview Assets.xcassets */ = {isa = PBXFileReference; lastKnownFileType = folder.assetcatalog; path = "Preview Assets.xcassets"; sourceTree = "<group>"; };
		B86FD2782AE241680002E19C /* IOTTests.xctest */ = {isa = PBXFileReference; explicitFileType = wrapper.cfbundle; includeInIndex = 0; path = IOTTests.xctest; sourceTree = BUILT_PRODUCTS_DIR; };
		B86FD27C2AE241680002E19C /* IOTTests.swift */ = {isa = PBXFileReference; lastKnownFileType = sourcecode.swift; path = IOTTests.swift; sourceTree = "<group>"; };
		B86FD2822AE241680002E19C /* IOTUITests.xctest */ = {isa = PBXFileReference; explicitFileType = wrapper.cfbundle; includeInIndex = 0; path = IOTUITests.xctest; sourceTree = BUILT_PRODUCTS_DIR; };
		B86FD2862AE241680002E19C /* IOTUITests.swift */ = {isa = PBXFileReference; lastKnownFileType = sourcecode.swift; path = IOTUITests.swift; sourceTree = "<group>"; };
		B86FD2882AE241680002E19C /* IOTUITestsLaunchTests.swift */ = {isa = PBXFileReference; lastKnownFileType = sourcecode.swift; path = IOTUITestsLaunchTests.swift; sourceTree = "<group>"; };
		B86FD2952AE241B50002E19C /* BeaconView.swift */ = {isa = PBXFileReference; lastKnownFileType = sourcecode.swift; path = BeaconView.swift; sourceTree = "<group>"; };
		B86FD2972AE258B00002E19C /* BleView.swift */ = {isa = PBXFileReference; lastKnownFileType = sourcecode.swift; path = BleView.swift; sourceTree = "<group>"; };
		B8DC7D502AEB92C30065D2C8 /* StaticChart.swift */ = {isa = PBXFileReference; lastKnownFileType = sourcecode.swift; path = StaticChart.swift; sourceTree = "<group>"; };
		B8DC7D522AEB92FD0065D2C8 /* TallyView.swift */ = {isa = PBXFileReference; lastKnownFileType = sourcecode.swift; path = TallyView.swift; sourceTree = "<group>"; };
/* End PBXFileReference section */

/* Begin PBXFrameworksBuildPhase section */
		B86FD25F2AE241660002E19C /* Frameworks */ = {
			isa = PBXFrameworksBuildPhase;
			buildActionMask = 2147483647;
			files = (
			);
			runOnlyForDeploymentPostprocessing = 0;
		};
		B86FD2752AE241680002E19C /* Frameworks */ = {
			isa = PBXFrameworksBuildPhase;
			buildActionMask = 2147483647;
			files = (
			);
			runOnlyForDeploymentPostprocessing = 0;
		};
		B86FD27F2AE241680002E19C /* Frameworks */ = {
			isa = PBXFrameworksBuildPhase;
			buildActionMask = 2147483647;
			files = (
			);
			runOnlyForDeploymentPostprocessing = 0;
		};
/* End PBXFrameworksBuildPhase section */

/* Begin PBXGroup section */
		B86FD2592AE241660002E19C = {
			isa = PBXGroup;
			children = (
				B86FD2642AE241660002E19C /* IOT */,
				B86FD27B2AE241680002E19C /* IOTTests */,
				B86FD2852AE241680002E19C /* IOTUITests */,
				B86FD2632AE241660002E19C /* Products */,
			);
			sourceTree = "<group>";
		};
		B86FD2632AE241660002E19C /* Products */ = {
			isa = PBXGroup;
			children = (
				B86FD2622AE241660002E19C /* IOT.app */,
				B86FD2782AE241680002E19C /* IOTTests.xctest */,
				B86FD2822AE241680002E19C /* IOTUITests.xctest */,
			);
			name = Products;
			sourceTree = "<group>";
		};
		B86FD2642AE241660002E19C /* IOT */ = {
			isa = PBXGroup;
			children = (
				B86FD2652AE241660002E19C /* IOTApp.swift */,
				B86FD2672AE241660002E19C /* Persistence.swift */,
				B86FD26C2AE241660002E19C /* ContentView.swift */,
				B86FD26E2AE241680002E19C /* Assets.xcassets */,
				B86FD2702AE241680002E19C /* IOT.entitlements */,
				B86FD2692AE241660002E19C /* IOT.xcdatamodeld */,
				B86FD2712AE241680002E19C /* Preview Content */,
			);
			path = IOT;
			sourceTree = "<group>";
		};
		B86FD2712AE241680002E19C /* Preview Content */ = {
			isa = PBXGroup;
			children = (
				B86FD2722AE241680002E19C /* Preview Assets.xcassets */,
				B86FD2952AE241B50002E19C /* BeaconView.swift */,
				B86FD2972AE258B00002E19C /* BleView.swift */,
				B8DC7D502AEB92C30065D2C8 /* StaticChart.swift */,
				B8DC7D522AEB92FD0065D2C8 /* TallyView.swift */,
			);
			path = "Preview Content";
			sourceTree = "<group>";
		};
		B86FD27B2AE241680002E19C /* IOTTests */ = {
			isa = PBXGroup;
			children = (
				B86FD27C2AE241680002E19C /* IOTTests.swift */,
			);
			path = IOTTests;
			sourceTree = "<group>";
		};
		B86FD2852AE241680002E19C /* IOTUITests */ = {
			isa = PBXGroup;
			children = (
				B86FD2862AE241680002E19C /* IOTUITests.swift */,
				B86FD2882AE241680002E19C /* IOTUITestsLaunchTests.swift */,
			);
			path = IOTUITests;
			sourceTree = "<group>";
		};
/* End PBXGroup section */

/* Begin PBXNativeTarget section */
		B86FD2612AE241660002E19C /* IOT */ = {
			isa = PBXNativeTarget;
			buildConfigurationList = B86FD28C2AE241680002E19C /* Build configuration list for PBXNativeTarget "IOT" */;
			buildPhases = (
				B86FD25E2AE241660002E19C /* Sources */,
				B86FD25F2AE241660002E19C /* Frameworks */,
				B86FD2602AE241660002E19C /* Resources */,
			);
			buildRules = (
			);
			dependencies = (
			);
			name = IOT;
			productName = IOT;
			productReference = B86FD2622AE241660002E19C /* IOT.app */;
			productType = "com.apple.product-type.application";
		};
		B86FD2772AE241680002E19C /* IOTTests */ = {
			isa = PBXNativeTarget;
			buildConfigurationList = B86FD28F2AE241680002E19C /* Build configuration list for PBXNativeTarget "IOTTests" */;
			buildPhases = (
				B86FD2742AE241680002E19C /* Sources */,
				B86FD2752AE241680002E19C /* Frameworks */,
				B86FD2762AE241680002E19C /* Resources */,
			);
			buildRules = (
			);
			dependencies = (
				B86FD27A2AE241680002E19C /* PBXTargetDependency */,
			);
			name = IOTTests;
			productName = IOTTests;
			productReference = B86FD2782AE241680002E19C /* IOTTests.xctest */;
			productType = "com.apple.product-type.bundle.unit-test";
		};
		B86FD2812AE241680002E19C /* IOTUITests */ = {
			isa = PBXNativeTarget;
			buildConfigurationList = B86FD2922AE241680002E19C /* Build configuration list for PBXNativeTarget "IOTUITests" */;
			buildPhases = (
				B86FD27E2AE241680002E19C /* Sources */,
				B86FD27F2AE241680002E19C /* Frameworks */,
				B86FD2802AE241680002E19C /* Resources */,
			);
			buildRules = (
			);
			dependencies = (
				B86FD2842AE241680002E19C /* PBXTargetDependency */,
			);
			name = IOTUITests;
			productName = IOTUITests;
			productReference = B86FD2822AE241680002E19C /* IOTUITests.xctest */;
			productType = "com.apple.product-type.bundle.ui-testing";
		};
/* End PBXNativeTarget section */

/* Begin PBXProject section */
		B86FD25A2AE241660002E19C /* Project object */ = {
			isa = PBXProject;
			attributes = {
				BuildIndependentTargetsInParallel = 1;
				LastSwiftUpdateCheck = 1500;
				LastUpgradeCheck = 1500;
				TargetAttributes = {
					B86FD2612AE241660002E19C = {
						CreatedOnToolsVersion = 15.0;
					};
					B86FD2772AE241680002E19C = {
						CreatedOnToolsVersion = 15.0;
						TestTargetID = B86FD2612AE241660002E19C;
					};
					B86FD2812AE241680002E19C = {
						CreatedOnToolsVersion = 15.0;
						TestTargetID = B86FD2612AE241660002E19C;
					};
				};
			};
			buildConfigurationList = B86FD25D2AE241660002E19C /* Build configuration list for PBXProject "IOT" */;
			compatibilityVersion = "Xcode 14.0";
			developmentRegion = en;
			hasScannedForEncodings = 0;
			knownRegions = (
				en,
				Base,
			);
			mainGroup = B86FD2592AE241660002E19C;
			productRefGroup = B86FD2632AE241660002E19C /* Products */;
			projectDirPath = "";
			projectRoot = "";
			targets = (
				B86FD2612AE241660002E19C /* IOT */,
				B86FD2772AE241680002E19C /* IOTTests */,
				B86FD2812AE241680002E19C /* IOTUITests */,
			);
		};
/* End PBXProject section */

/* Begin PBXResourcesBuildPhase section */
		B86FD2602AE241660002E19C /* Resources */ = {
			isa = PBXResourcesBuildPhase;
			buildActionMask = 2147483647;
			files = (
				B86FD2732AE241680002E19C /* Preview Assets.xcassets in Resources */,
				B86FD26F2AE241680002E19C /* Assets.xcassets in Resources */,
			);
			runOnlyForDeploymentPostprocessing = 0;
		};
		B86FD2762AE241680002E19C /* Resources */ = {
			isa = PBXResourcesBuildPhase;
			buildActionMask = 2147483647;
			files = (
			);
			runOnlyForDeploymentPostprocessing = 0;
		};
		B86FD2802AE241680002E19C /* Resources */ = {
			isa = PBXResourcesBuildPhase;
			buildActionMask = 2147483647;
			files = (
			);
			runOnlyForDeploymentPostprocessing = 0;
		};
/* End PBXResourcesBuildPhase section */

/* Begin PBXSourcesBuildPhase section */
		B86FD25E2AE241660002E19C /* Sources */ = {
			isa = PBXSourcesBuildPhase;
			buildActionMask = 2147483647;
			files = (
				B86FD2982AE258B00002E19C /* BleView.swift in Sources */,
				B86FD2662AE241660002E19C /* IOTApp.swift in Sources */,
				B8DC7D512AEB92C30065D2C8 /* StaticChart.swift in Sources */,
				B8DC7D532AEB92FD0065D2C8 /* TallyView.swift in Sources */,
				B86FD26B2AE241660002E19C /* IOT.xcdatamodeld in Sources */,
				B86FD2962AE241B50002E19C /* BeaconView.swift in Sources */,
				B86FD26D2AE241660002E19C /* ContentView.swift in Sources */,
				B86FD2682AE241660002E19C /* Persistence.swift in Sources */,
			);
			runOnlyForDeploymentPostprocessing = 0;
		};
		B86FD2742AE241680002E19C /* Sources */ = {
			isa = PBXSourcesBuildPhase;
			buildActionMask = 2147483647;
			files = (
				B86FD27D2AE241680002E19C /* IOTTests.swift in Sources */,
			);
			runOnlyForDeploymentPostprocessing = 0;
		};
		B86FD27E2AE241680002E19C /* Sources */ = {
			isa = PBXSourcesBuildPhase;
			buildActionMask = 2147483647;
			files = (
				B86FD2872AE241680002E19C /* IOTUITests.swift in Sources */,
				B86FD2892AE241680002E19C /* IOTUITestsLaunchTests.swift in Sources */,
			);
			runOnlyForDeploymentPostprocessing = 0;
		};
/* End PBXSourcesBuildPhase section */

/* Begin PBXTargetDependency section */
		B86FD27A2AE241680002E19C /* PBXTargetDependency */ = {
			isa = PBXTargetDependency;
			target = B86FD2612AE241660002E19C /* IOT */;
			targetProxy = B86FD2792AE241680002E19C /* PBXContainerItemProxy */;
		};
		B86FD2842AE241680002E19C /* PBXTargetDependency */ = {
			isa = PBXTargetDependency;
			target = B86FD2612AE241660002E19C /* IOT */;
			targetProxy = B86FD2832AE241680002E19C /* PBXContainerItemProxy */;
		};
/* End PBXTargetDependency section */

/* Begin XCBuildConfiguration section */
		B86FD28A2AE241680002E19C /* Debug */ = {
			isa = XCBuildConfiguration;
			buildSettings = {
				ALWAYS_SEARCH_USER_PATHS = NO;
				ASSETCATALOG_COMPILER_GENERATE_SWIFT_ASSET_SYMBOL_EXTENSIONS = YES;
				CLANG_ANALYZER_NONNULL = YES;
				CLANG_ANALYZER_NUMBER_OBJECT_CONVERSION = YES_AGGRESSIVE;
				CLANG_CXX_LANGUAGE_STANDARD = "gnu++20";
				CLANG_ENABLE_MODULES = YES;
				CLANG_ENABLE_OBJC_ARC = YES;
				CLANG_ENABLE_OBJC_WEAK = YES;
				CLANG_WARN_BLOCK_CAPTURE_AUTORELEASING = YES;
				CLANG_WARN_BOOL_CONVERSION = YES;
				CLANG_WARN_COMMA = YES;
				CLANG_WARN_CONSTANT_CONVERSION = YES;
				CLANG_WARN_DEPRECATED_OBJC_IMPLEMENTATIONS = YES;
				CLANG_WARN_DIRECT_OBJC_ISA_USAGE = YES_ERROR;
				CLANG_WARN_DOCUMENTATION_COMMENTS = YES;
				CLANG_WARN_EMPTY_BODY = YES;
				CLANG_WARN_ENUM_CONVERSION = YES;
				CLANG_WARN_INFINITE_RECURSION = YES;
				CLANG_WARN_INT_CONVERSION = YES;
				CLANG_WARN_NON_LITERAL_NULL_CONVERSION = YES;
				CLANG_WARN_OBJC_IMPLICIT_RETAIN_SELF = YES;
				CLANG_WARN_OBJC_LITERAL_CONVERSION = YES;
				CLANG_WARN_OBJC_ROOT_CLASS = YES_ERROR;
				CLANG_WARN_QUOTED_INCLUDE_IN_FRAMEWORK_HEADER = YES;
				CLANG_WARN_RANGE_LOOP_ANALYSIS = YES;
				CLANG_WARN_STRICT_PROTOTYPES = YES;
				CLANG_WARN_SUSPICIOUS_MOVE = YES;
				CLANG_WARN_UNGUARDED_AVAILABILITY = YES_AGGRESSIVE;
				CLANG_WARN_UNREACHABLE_CODE = YES;
				CLANG_WARN__DUPLICATE_METHOD_MATCH = YES;
				COPY_PHASE_STRIP = NO;
				DEBUG_INFORMATION_FORMAT = dwarf;
				ENABLE_STRICT_OBJC_MSGSEND = YES;
				ENABLE_TESTABILITY = YES;
				ENABLE_USER_SCRIPT_SANDBOXING = YES;
				GCC_C_LANGUAGE_STANDARD = gnu17;
				GCC_DYNAMIC_NO_PIC = NO;
				GCC_NO_COMMON_BLOCKS = YES;
				GCC_OPTIMIZATION_LEVEL = 0;
				GCC_PREPROCESSOR_DEFINITIONS = (
					"DEBUG=1",
					"$(inherited)",
				);
				GCC_WARN_64_TO_32_BIT_CONVERSION = YES;
				GCC_WARN_ABOUT_RETURN_TYPE = YES_ERROR;
				GCC_WARN_UNDECLARED_SELECTOR = YES;
				GCC_WARN_UNINITIALIZED_AUTOS = YES_AGGRESSIVE;
				GCC_WARN_UNUSED_FUNCTION = YES;
				GCC_WARN_UNUSED_VARIABLE = YES;
				LOCALIZATION_PREFERS_STRING_CATALOGS = YES;
				MTL_ENABLE_DEBUG_INFO = INCLUDE_SOURCE;
				MTL_FAST_MATH = YES;
				ONLY_ACTIVE_ARCH = YES;
				SWIFT_ACTIVE_COMPILATION_CONDITIONS = "DEBUG $(inherited)";
				SWIFT_OPTIMIZATION_LEVEL = "-Onone";
			};
			name = Debug;
		};
		B86FD28B2AE241680002E19C /* Release */ = {
			isa = XCBuildConfiguration;
			buildSettings = {
				ALWAYS_SEARCH_USER_PATHS = NO;
				ASSETCATALOG_COMPILER_GENERATE_SWIFT_ASSET_SYMBOL_EXTENSIONS = YES;
				CLANG_ANALYZER_NONNULL = YES;
				CLANG_ANALYZER_NUMBER_OBJECT_CONVERSION = YES_AGGRESSIVE;
				CLANG_CXX_LANGUAGE_STANDARD = "gnu++20";
				CLANG_ENABLE_MODULES = YES;
				CLANG_ENABLE_OBJC_ARC = YES;
				CLANG_ENABLE_OBJC_WEAK = YES;
				CLANG_WARN_BLOCK_CAPTURE_AUTORELEASING = YES;
				CLANG_WARN_BOOL_CONVERSION = YES;
				CLANG_WARN_COMMA = YES;
				CLANG_WARN_CONSTANT_CONVERSION = YES;
				CLANG_WARN_DEPRECATED_OBJC_IMPLEMENTATIONS = YES;
				CLANG_WARN_DIRECT_OBJC_ISA_USAGE = YES_ERROR;
				CLANG_WARN_DOCUMENTATION_COMMENTS = YES;
				CLANG_WARN_EMPTY_BODY = YES;
				CLANG_WARN_ENUM_CONVERSION = YES;
				CLANG_WARN_INFINITE_RECURSION = YES;
				CLANG_WARN_INT_CONVERSION = YES;
				CLANG_WARN_NON_LITERAL_NULL_CONVERSION = YES;
				CLANG_WARN_OBJC_IMPLICIT_RETAIN_SELF = YES;
				CLANG_WARN_OBJC_LITERAL_CONVERSION = YES;
				CLANG_WARN_OBJC_ROOT_CLASS = YES_ERROR;
				CLANG_WARN_QUOTED_INCLUDE_IN_FRAMEWORK_HEADER = YES;
				CLANG_WARN_RANGE_LOOP_ANALYSIS = YES;
				CLANG_WARN_STRICT_PROTOTYPES = YES;
				CLANG_WARN_SUSPICIOUS_MOVE = YES;
				CLANG_WARN_UNGUARDED_AVAILABILITY = YES_AGGRESSIVE;
				CLANG_WARN_UNREACHABLE_CODE = YES;
				CLANG_WARN__DUPLICATE_METHOD_MATCH = YES;
				COPY_PHASE_STRIP = NO;
				DEBUG_INFORMATION_FORMAT = "dwarf-with-dsym";
				ENABLE_NS_ASSERTIONS = NO;
				ENABLE_STRICT_OBJC_MSGSEND = YES;
				ENABLE_USER_SCRIPT_SANDBOXING = YES;
				GCC_C_LANGUAGE_STANDARD = gnu17;
				GCC_NO_COMMON_BLOCKS = YES;
				GCC_WARN_64_TO_32_BIT_CONVERSION = YES;
				GCC_WARN_ABOUT_RETURN_TYPE = YES_ERROR;
				GCC_WARN_UNDECLARED_SELECTOR = YES;
				GCC_WARN_UNINITIALIZED_AUTOS = YES_AGGRESSIVE;
				GCC_WARN_UNUSED_FUNCTION = YES;
				GCC_WARN_UNUSED_VARIABLE = YES;
				LOCALIZATION_PREFERS_STRING_CATALOGS = YES;
				MTL_ENABLE_DEBUG_INFO = NO;
				MTL_FAST_MATH = YES;
				SWIFT_COMPILATION_MODE = wholemodule;
			};
			name = Release;
		};
		B86FD28D2AE241680002E19C /* Debug */ = {
			isa = XCBuildConfiguration;
			buildSettings = {
				ASSETCATALOG_COMPILER_APPICON_NAME = AppIcon;
				ASSETCATALOG_COMPILER_GLOBAL_ACCENT_COLOR_NAME = AccentColor;
				CODE_SIGN_ENTITLEMENTS = IOT/IOT.entitlements;
				CODE_SIGN_STYLE = Automatic;
				CURRENT_PROJECT_VERSION = 1;
				DEVELOPMENT_ASSET_PATHS = "\"IOT/Preview Content\"";
				DEVELOPMENT_TEAM = Q78G9P7S2L;
				ENABLE_PREVIEWS = YES;
				GENERATE_INFOPLIST_FILE = YES;
				INFOPLIST_KEY_NSBluetoothAlwaysUsageDescription = "Access Health Data from a Device";
				INFOPLIST_KEY_NSLocationWhenInUseUsageDescription = "your location is needed for display related information to you";
				"INFOPLIST_KEY_UIApplicationSceneManifest_Generation[sdk=iphoneos*]" = YES;
				"INFOPLIST_KEY_UIApplicationSceneManifest_Generation[sdk=iphonesimulator*]" = YES;
				"INFOPLIST_KEY_UIApplicationSupportsIndirectInputEvents[sdk=iphoneos*]" = YES;
				"INFOPLIST_KEY_UIApplicationSupportsIndirectInputEvents[sdk=iphonesimulator*]" = YES;
				"INFOPLIST_KEY_UILaunchScreen_Generation[sdk=iphoneos*]" = YES;
				"INFOPLIST_KEY_UILaunchScreen_Generation[sdk=iphonesimulator*]" = YES;
				"INFOPLIST_KEY_UIStatusBarStyle[sdk=iphoneos*]" = UIStatusBarStyleDefault;
				"INFOPLIST_KEY_UIStatusBarStyle[sdk=iphonesimulator*]" = UIStatusBarStyleDefault;
				INFOPLIST_KEY_UISupportedInterfaceOrientations_iPad = "UIInterfaceOrientationPortrait UIInterfaceOrientationPortraitUpsideDown UIInterfaceOrientationLandscapeLeft UIInterfaceOrientationLandscapeRight";
				INFOPLIST_KEY_UISupportedInterfaceOrientations_iPhone = "UIInterfaceOrientationPortrait UIInterfaceOrientationLandscapeLeft UIInterfaceOrientationLandscapeRight";
				IPHONEOS_DEPLOYMENT_TARGET = 16.2;
				LD_RUNPATH_SEARCH_PATHS = "@executable_path/Frameworks";
				"LD_RUNPATH_SEARCH_PATHS[sdk=macosx*]" = "@executable_path/../Frameworks";
				MACOSX_DEPLOYMENT_TARGET = 13.6;
				MARKETING_VERSION = 1.0;
				PRODUCT_BUNDLE_IDENTIFIER = leocheung.IOT;
				PRODUCT_NAME = "$(TARGET_NAME)";
				SDKROOT = auto;
				SUPPORTED_PLATFORMS = "iphoneos iphonesimulator macosx";
				SWIFT_EMIT_LOC_STRINGS = YES;
				SWIFT_VERSION = 5.0;
				TARGETED_DEVICE_FAMILY = "1,2";
			};
			name = Debug;
		};
		B86FD28E2AE241680002E19C /* Release */ = {
			isa = XCBuildConfiguration;
			buildSettings = {
				ASSETCATALOG_COMPILER_APPICON_NAME = AppIcon;
				ASSETCATALOG_COMPILER_GLOBAL_ACCENT_COLOR_NAME = AccentColor;
				CODE_SIGN_ENTITLEMENTS = IOT/IOT.entitlements;
				CODE_SIGN_STYLE = Automatic;
				CURRENT_PROJECT_VERSION = 1;
				DEVELOPMENT_ASSET_PATHS = "\"IOT/Preview Content\"";
				DEVELOPMENT_TEAM = Q78G9P7S2L;
				ENABLE_PREVIEWS = YES;
				GENERATE_INFOPLIST_FILE = YES;
				INFOPLIST_KEY_NSBluetoothAlwaysUsageDescription = "Access Health Data from a Device";
				INFOPLIST_KEY_NSLocationWhenInUseUsageDescription = "your location is needed for display related information to you";
				"INFOPLIST_KEY_UIApplicationSceneManifest_Generation[sdk=iphoneos*]" = YES;
				"INFOPLIST_KEY_UIApplicationSceneManifest_Generation[sdk=iphonesimulator*]" = YES;
				"INFOPLIST_KEY_UIApplicationSupportsIndirectInputEvents[sdk=iphoneos*]" = YES;
				"INFOPLIST_KEY_UIApplicationSupportsIndirectInputEvents[sdk=iphonesimulator*]" = YES;
				"INFOPLIST_KEY_UILaunchScreen_Generation[sdk=iphoneos*]" = YES;
				"INFOPLIST_KEY_UILaunchScreen_Generation[sdk=iphonesimulator*]" = YES;
				"INFOPLIST_KEY_UIStatusBarStyle[sdk=iphoneos*]" = UIStatusBarStyleDefault;
				"INFOPLIST_KEY_UIStatusBarStyle[sdk=iphonesimulator*]" = UIStatusBarStyleDefault;
				INFOPLIST_KEY_UISupportedInterfaceOrientations_iPad = "UIInterfaceOrientationPortrait UIInterfaceOrientationPortraitUpsideDown UIInterfaceOrientationLandscapeLeft UIInterfaceOrientationLandscapeRight";
				INFOPLIST_KEY_UISupportedInterfaceOrientations_iPhone = "UIInterfaceOrientationPortrait UIInterfaceOrientationLandscapeLeft UIInterfaceOrientationLandscapeRight";
				IPHONEOS_DEPLOYMENT_TARGET = 16.2;
				LD_RUNPATH_SEARCH_PATHS = "@executable_path/Frameworks";
				"LD_RUNPATH_SEARCH_PATHS[sdk=macosx*]" = "@executable_path/../Frameworks";
				MACOSX_DEPLOYMENT_TARGET = 13.6;
				MARKETING_VERSION = 1.0;
				PRODUCT_BUNDLE_IDENTIFIER = leocheung.IOT;
				PRODUCT_NAME = "$(TARGET_NAME)";
				SDKROOT = auto;
				SUPPORTED_PLATFORMS = "iphoneos iphonesimulator macosx";
				SWIFT_EMIT_LOC_STRINGS = YES;
				SWIFT_VERSION = 5.0;
				TARGETED_DEVICE_FAMILY = "1,2";
			};
			name = Release;
		};
		B86FD2902AE241680002E19C /* Debug */ = {
			isa = XCBuildConfiguration;
			buildSettings = {
				ALWAYS_EMBED_SWIFT_STANDARD_LIBRARIES = YES;
				BUNDLE_LOADER = "$(TEST_HOST)";
				CODE_SIGN_STYLE = Automatic;
				CURRENT_PROJECT_VERSION = 1;
				GENERATE_INFOPLIST_FILE = YES;
				IPHONEOS_DEPLOYMENT_TARGET = 17.0;
				MACOSX_DEPLOYMENT_TARGET = 13.6;
				MARKETING_VERSION = 1.0;
				PRODUCT_BUNDLE_IDENTIFIER = hk.edu.hkbu.comp.IOTTests;
				PRODUCT_NAME = "$(TARGET_NAME)";
				SDKROOT = auto;
				SUPPORTED_PLATFORMS = "iphoneos iphonesimulator macosx";
				SWIFT_EMIT_LOC_STRINGS = NO;
				SWIFT_VERSION = 5.0;
				TARGETED_DEVICE_FAMILY = "1,2";
				TEST_HOST = "$(BUILT_PRODUCTS_DIR)/IOT.app/$(BUNDLE_EXECUTABLE_FOLDER_PATH)/IOT";
			};
			name = Debug;
		};
		B86FD2912AE241680002E19C /* Release */ = {
			isa = XCBuildConfiguration;
			buildSettings = {
				ALWAYS_EMBED_SWIFT_STANDARD_LIBRARIES = YES;
				BUNDLE_LOADER = "$(TEST_HOST)";
				CODE_SIGN_STYLE = Automatic;
				CURRENT_PROJECT_VERSION = 1;
				GENERATE_INFOPLIST_FILE = YES;
				IPHONEOS_DEPLOYMENT_TARGET = 17.0;
				MACOSX_DEPLOYMENT_TARGET = 13.6;
				MARKETING_VERSION = 1.0;
				PRODUCT_BUNDLE_IDENTIFIER = hk.edu.hkbu.comp.IOTTests;
				PRODUCT_NAME = "$(TARGET_NAME)";
				SDKROOT = auto;
				SUPPORTED_PLATFORMS = "iphoneos iphonesimulator macosx";
				SWIFT_EMIT_LOC_STRINGS = NO;
				SWIFT_VERSION = 5.0;
				TARGETED_DEVICE_FAMILY = "1,2";
				TEST_HOST = "$(BUILT_PRODUCTS_DIR)/IOT.app/$(BUNDLE_EXECUTABLE_FOLDER_PATH)/IOT";
			};
			name = Release;
		};
		B86FD2932AE241680002E19C /* Debug */ = {
			isa = XCBuildConfiguration;
			buildSettings = {
				ALWAYS_EMBED_SWIFT_STANDARD_LIBRARIES = YES;
				CODE_SIGN_STYLE = Automatic;
				CURRENT_PROJECT_VERSION = 1;
				GENERATE_INFOPLIST_FILE = YES;
				IPHONEOS_DEPLOYMENT_TARGET = 17.0;
				MACOSX_DEPLOYMENT_TARGET = 13.6;
				MARKETING_VERSION = 1.0;
				PRODUCT_BUNDLE_IDENTIFIER = hk.edu.hkbu.comp.IOTUITests;
				PRODUCT_NAME = "$(TARGET_NAME)";
				SDKROOT = auto;
				SUPPORTED_PLATFORMS = "iphoneos iphonesimulator macosx";
				SWIFT_EMIT_LOC_STRINGS = NO;
				SWIFT_VERSION = 5.0;
				TARGETED_DEVICE_FAMILY = "1,2";
				TEST_TARGET_NAME = IOT;
			};
			name = Debug;
		};
		B86FD2942AE241680002E19C /* Release */ = {
			isa = XCBuildConfiguration;
			buildSettings = {
				ALWAYS_EMBED_SWIFT_STANDARD_LIBRARIES = YES;
				CODE_SIGN_STYLE = Automatic;
				CURRENT_PROJECT_VERSION = 1;
				GENERATE_INFOPLIST_FILE = YES;
				IPHONEOS_DEPLOYMENT_TARGET = 17.0;
				MACOSX_DEPLOYMENT_TARGET = 13.6;
				MARKETING_VERSION = 1.0;
				PRODUCT_BUNDLE_IDENTIFIER = hk.edu.hkbu.comp.IOTUITests;
				PRODUCT_NAME = "$(TARGET_NAME)";
				SDKROOT = auto;
				SUPPORTED_PLATFORMS = "iphoneos iphonesimulator macosx";
				SWIFT_EMIT_LOC_STRINGS = NO;
				SWIFT_VERSION = 5.0;
				TARGETED_DEVICE_FAMILY = "1,2";
				TEST_TARGET_NAME = IOT;
			};
			name = Release;
		};
/* End XCBuildConfiguration section */

/* Begin XCConfigurationList section */
		B86FD25D2AE241660002E19C /* Build configuration list for PBXProject "IOT" */ = {
			isa = XCConfigurationList;
			buildConfigurations = (
				B86FD28A2AE241680002E19C /* Debug */,
				B86FD28B2AE241680002E19C /* Release */,
			);
			defaultConfigurationIsVisible = 0;
			defaultConfigurationName = Release;
		};
		B86FD28C2AE241680002E19C /* Build configuration list for PBXNativeTarget "IOT" */ = {
			isa = XCConfigurationList;
			buildConfigurations = (
				B86FD28D2AE241680002E19C /* Debug */,
				B86FD28E2AE241680002E19C /* Release */,
			);
			defaultConfigurationIsVisible = 0;
			defaultConfigurationName = Release;
		};
		B86FD28F2AE241680002E19C /* Build configuration list for PBXNativeTarget "IOTTests" */ = {
			isa = XCConfigurationList;
			buildConfigurations = (
				B86FD2902AE241680002E19C /* Debug */,
				B86FD2912AE241680002E19C /* Release */,
			);
			defaultConfigurationIsVisible = 0;
			defaultConfigurationName = Release;
		};
		B86FD2922AE241680002E19C /* Build configuration list for PBXNativeTarget "IOTUITests" */ = {
			isa = XCConfigurationList;
			buildConfigurations = (
				B86FD2932AE241680002E19C /* Debug */,
				B86FD2942AE241680002E19C /* Release */,
			);
			defaultConfigurationIsVisible = 0;
			defaultConfigurationName = Release;
		};
/* End XCConfigurationList section */

/* Begin XCVersionGroup section */
		B86FD2692AE241660002E19C /* IOT.xcdatamodeld */ = {
			isa = XCVersionGroup;
			children = (
				B86FD26A2AE241660002E19C /* IOT.xcdatamodel */,
			);
			currentVersion = B86FD26A2AE241660002E19C /* IOT.xcdatamodel */;
			path = IOT.xcdatamodeld;
			sourceTree = "<group>";
			versionGroupType = wrapper.xcdatamodel;
		};
/* End XCVersionGroup section */
	};
	rootObject = B86FD25A2AE241660002E19C /* Project object */;
}
